
Microsoft Visual Studio Solution File, Format Version 12.00
# Visual Studio Version 17
VisualStudioVersion = 17.14.36717.8 d17.14
MinimumVisualStudioVersion = 10.0.40219.1
Project("{FAE04EC0-301F-11D3-BF4B-00C04F79EFBC}") = "ZGFueDkxCommonLibrary", "ZGFueDkxCommonLibrary.csproj", "{E6DBF3D8-FBBE-4505-8060-28C8282FD31F}"
EndProject
Global
	GlobalSection(SolutionConfigurationPlatforms) = preSolution
		Debug|Any CPU = Debug|Any CPU
		Release|Any CPU = Release|Any CPU
	EndGlobalSection
	GlobalSection(ProjectConfigurationPlatforms) = postSolution
		{E6DBF3D8-FBBE-4505-8060-28C8282FD31F}.Debug|Any CPU.ActiveCfg = Debug|Any CPU
		{E6DBF3D8-FBBE-4505-8060-28C8282FD31F}.Debug|Any CPU.Build.0 = Debug|Any CPU
		{E6DBF3D8-FBBE-4505-8060-28C8282FD31F}.Release|Any CPU.ActiveCfg = Release|Any CPU
		{E6DBF3D8-FBBE-4505-8060-28C8282FD31F}.Release|Any CPU.Build.0 = Release|Any CPU
	EndGlobalSection
	GlobalSection(SolutionProperties) = preSolution
		HideSolutionNode = FALSE
	EndGlobalSection
	GlobalSection(ExtensibilityGlobals) = postSolution
		SolutionGuid = {EDC501DA-2CA0-407F-B35B-AC0D6216E176}
	EndGlobalSection
EndGlobal
