
Microsoft Visual Studio Solution File, Format Version 12.00
# Visual Studio Version 17
VisualStudioVersion = 17.10.34928.147
MinimumVisualStudioVersion = 10.0.40219.1
Project("{FAE04EC0-301F-11D3-BF4B-00C04F79EFBC}") = "WeaponCamoAndStickers", "WeaponCamoAndStickers\WeaponCamoAndStickers.csproj", "{52A18216-EAFE-68D0-0443-A38258669E88}"
EndProject
Project("{FAE04EC0-301F-11D3-BF4B-00C04F79EFBC}") = "WeaponCamoAndStickers.Fika", "WeaponCamoAndStickers.Fika\WeaponCamoAndStickers.Fika.csproj", "{C8249F5B-271C-2884-C7C6-A56EFC8576D2}"
EndProject
Project("{FAE04EC0-301F-11D3-BF4B-00C04F79EFBC}") = "MaterialEditor", "MaterialEditor\MaterialEditor.csproj", "{FD4AB11E-855C-DBFB-2DBD-8115C4C7DEA6}"
EndProject
Project("{FAE04EC0-301F-11D3-BF4B-00C04F79EFBC}") = "MaterialEditor.Fika", "MaterialEditor.Fika\MaterialEditor.Fika.csproj", "{C4B5502B-1F98-2699-3B05-F4C93B63FF6D}"
EndProject
Project("{FAE04EC0-301F-11D3-BF4B-00C04F79EFBC}") = "EquipmentStickers", "EquipmentStickers\EquipmentStickers.csproj", "{1042FBF5-4A7E-4693-804D-4C55B7C9921D}"
EndProject
Global
	GlobalSection(SolutionConfigurationPlatforms) = preSolution
		Debug|Any CPU = Debug|Any CPU
		Release|Any CPU = Release|Any CPU
	EndGlobalSection
	GlobalSection(ProjectConfigurationPlatforms) = postSolution
		{52A18216-EAFE-68D0-0443-A38258669E88}.Debug|Any CPU.ActiveCfg = Debug|Any CPU
		{52A18216-EAFE-68D0-0443-A38258669E88}.Debug|Any CPU.Build.0 = Debug|Any CPU
		{52A18216-EAFE-68D0-0443-A38258669E88}.Release|Any CPU.ActiveCfg = Release|Any CPU
		{52A18216-EAFE-68D0-0443-A38258669E88}.Release|Any CPU.Build.0 = Release|Any CPU
		{C8249F5B-271C-2884-C7C6-A56EFC8576D2}.Debug|Any CPU.ActiveCfg = Debug|Any CPU
		{C8249F5B-271C-2884-C7C6-A56EFC8576D2}.Debug|Any CPU.Build.0 = Debug|Any CPU
		{C8249F5B-271C-2884-C7C6-A56EFC8576D2}.Release|Any CPU.ActiveCfg = Release|Any CPU
		{C8249F5B-271C-2884-C7C6-A56EFC8576D2}.Release|Any CPU.Build.0 = Release|Any CPU
		{FD4AB11E-855C-DBFB-2DBD-8115C4C7DEA6}.Debug|Any CPU.ActiveCfg = Debug|Any CPU
		{FD4AB11E-855C-DBFB-2DBD-8115C4C7DEA6}.Debug|Any CPU.Build.0 = Debug|Any CPU
		{FD4AB11E-855C-DBFB-2DBD-8115C4C7DEA6}.Release|Any CPU.ActiveCfg = Release|Any CPU
		{FD4AB11E-855C-DBFB-2DBD-8115C4C7DEA6}.Release|Any CPU.Build.0 = Release|Any CPU
		{C4B5502B-1F98-2699-3B05-F4C93B63FF6D}.Debug|Any CPU.ActiveCfg = Debug|Any CPU
		{C4B5502B-1F98-2699-3B05-F4C93B63FF6D}.Debug|Any CPU.Build.0 = Debug|Any CPU
		{C4B5502B-1F98-2699-3B05-F4C93B63FF6D}.Release|Any CPU.ActiveCfg = Release|Any CPU
		{C4B5502B-1F98-2699-3B05-F4C93B63FF6D}.Release|Any CPU.Build.0 = Release|Any CPU
		{1042FBF5-4A7E-4693-804D-4C55B7C9921D}.Debug|Any CPU.ActiveCfg = Debug|Any CPU
		{1042FBF5-4A7E-4693-804D-4C55B7C9921D}.Debug|Any CPU.Build.0 = Debug|Any CPU
		{1042FBF5-4A7E-4693-804D-4C55B7C9921D}.Release|Any CPU.ActiveCfg = Release|Any CPU
		{1042FBF5-4A7E-4693-804D-4C55B7C9921D}.Release|Any CPU.Build.0 = Release|Any CPU
	EndGlobalSection
	GlobalSection(SolutionProperties) = preSolution
		HideSolutionNode = FALSE
	EndGlobalSection
	GlobalSection(ExtensibilityGlobals) = postSolution
		SolutionGuid = {09F9952E-ECA7-4B79-A94D-0FBCDA1BC1B4}
	EndGlobalSection
EndGlobal
